
Microsoft Visual Studio Solution File, Format Version 12.00
Project("{FAE04EC0-301F-11D3-BF4B-00C04F79EFBC}") = "TodoClient", "TodoClient\TodoClient.csproj", "{D6CF5BB5-7CE1-4C80-AAF1-F15871731FC7}"
EndProject
Project("{FAE04EC0-301F-11D3-BF4B-00C04F79EFBC}") = "TodoReceiver", "TodoReceiver\TodoReceiver.csproj", "{5D292E06-B8F7-46C9-8E08-6C730D47DBEC}"
EndProject
Global
	GlobalSection(SolutionConfigurationPlatforms) = preSolution
		Debug|Any CPU = Debug|Any CPU
		Release|Any CPU = Release|Any CPU
	EndGlobalSection
	GlobalSection(ProjectConfigurationPlatforms) = postSolution
		{D6CF5BB5-7CE1-4C80-AAF1-F15871731FC7}.Debug|Any CPU.ActiveCfg = Debug|Any CPU
		{D6CF5BB5-7CE1-4C80-AAF1-F15871731FC7}.Debug|Any CPU.Build.0 = Debug|Any CPU
		{D6CF5BB5-7CE1-4C80-AAF1-F15871731FC7}.Release|Any CPU.ActiveCfg = Release|Any CPU
		{D6CF5BB5-7CE1-4C80-AAF1-F15871731FC7}.Release|Any CPU.Build.0 = Release|Any CPU
		{5D292E06-B8F7-46C9-8E08-6C730D47DBEC}.Debug|Any CPU.ActiveCfg = Debug|Any CPU
		{5D292E06-B8F7-46C9-8E08-6C730D47DBEC}.Debug|Any CPU.Build.0 = Debug|Any CPU
		{5D292E06-B8F7-46C9-8E08-6C730D47DBEC}.Release|Any CPU.ActiveCfg = Release|Any CPU
		{5D292E06-B8F7-46C9-8E08-6C730D47DBEC}.Release|Any CPU.Build.0 = Release|Any CPU
	EndGlobalSection
EndGlobal
